{
  "version": 4,
  "terraform_version": "1.10.5",
  "serial": 11,
  "lineage": "8e64cc76-4c86-a2ca-639a-b9b4f7e3b025",
  "outputs": {
    "nginx_service": {
      "value": "nginx-sample",
      "type": "string"
    }
  },
  "resources": [
    {
      "mode": "managed",
      "type": "helm_release",
      "name": "nginx",
      "provider": "provider[\"registry.terraform.io/hashicorp/helm\"]",
      "instances": [
        {
          "index_key": 0,
          "schema_version": 1,
          "attributes": {
            "atomic": false,
            "chart": "nginx",
            "cleanup_on_fail": false,
            "create_namespace": false,
            "dependency_update": false,
            "description": null,
            "devel": null,
            "disable_crd_hooks": false,
            "disable_openapi_validation": false,
            "disable_webhooks": false,
            "force_update": false,
            "id": "nginx-sample",
            "keyring": null,
            "lint": false,
            "manifest": null,
            "max_history": 0,
            "metadata": [
              {
                "app_version": "1.25.3",
                "chart": "nginx",
                "first_deployed": 1743114774,
                "last_deployed": 1743114774,
                "name": "nginx-sample",
                "namespace": "default",
                "notes": "CHART NAME: nginx\nCHART VERSION: 15.5.1\nAPP VERSION: 1.25.3\n\n** Please be patient while the chart is being deployed **\nNGINX can be accessed through the following DNS name from within your cluster:\n\n    nginx-sample.default.svc.cluster.local (port 80)\n\nTo access NGINX from outside the cluster, follow the steps below:\n\n1. Get the NGINX URL by running these commands:\n\n    export SERVICE_PORT=$(kubectl get --namespace default -o jsonpath=\"{.spec.ports[0].port}\" services nginx-sample)\n    kubectl port-forward --namespace default svc/nginx-sample ${SERVICE_PORT}:${SERVICE_PORT} \u0026\n    echo \"http://127.0.0.1:${SERVICE_PORT}\"\n",
                "revision": 1,
                "values": "{\"replicaCount\":2,\"service\":{\"port\":80,\"type\":\"ClusterIP\"}}",
                "version": "15.5.1"
              }
            ],
            "name": "nginx-sample",
            "namespace": "default",
            "pass_credentials": false,
            "postrender": [],
            "recreate_pods": false,
            "render_subchart_notes": true,
            "replace": false,
            "repository": "https://charts.bitnami.com/bitnami",
            "repository_ca_file": null,
            "repository_cert_file": null,
            "repository_key_file": null,
            "repository_password": null,
            "repository_username": null,
            "reset_values": false,
            "reuse_values": false,
            "set": [
              {
                "name": "service.type",
                "type": "",
                "value": "ClusterIP"
              }
            ],
            "set_list": [],
            "set_sensitive": [],
            "skip_crds": false,
            "status": "deployed",
            "timeout": 300,
            "upgrade_install": null,
            "values": [
              "replicaCount: 2\nservice:\n  type: ClusterIP\n  port: 80"
            ],
            "verify": false,
            "version": "15.5.1",
            "wait": true,
            "wait_for_jobs": false
          },
          "sensitive_attributes": [
            [
              {
                "type": "get_attr",
                "value": "repository_password"
              }
            ]
          ],
          "private": "eyJzY2hlbWFfdmVyc2lvbiI6IjEifQ=="
        }
      ]
    }
  ],
  "check_results": null
}
